// !$*UTF8*$!
{
	archiveVersion = 1;
	classes = {
	};
	objectVersion = 46;
	objects = {

/* Begin PBXBuildFile section */
		9E3104E31D50765000C3D29C /* main.m in Sources */ = {isa = PBXBuildFile; fileRef = 9E3104E21D50765000C3D29C /* main.m */; };
		9E3104E61D50765000C3D29C /* AppDelegate.m in Sources */ = {isa = PBXBuildFile; fileRef = 9E3104E51D50765000C3D29C /* AppDelegate.m */; };
		9E3104E91D50765000C3D29C /* ViewController.m in Sources */ = {isa = PBXBuildFile; fileRef = 9E3104E81D50765000C3D29C /* ViewController.m */; };
		9E3104EC1D50765000C3D29C /* Main.storyboard in Resources */ = {isa = PBXBuildFile; fileRef = 9E3104EA1D50765000C3D29C /* Main.storyboard */; };
		9E3104EE1D50765000C3D29C /* Assets.xcassets in Resources */ = {isa = PBXBuildFile; fileRef = 9E3104ED1D50765000C3D29C /* Assets.xcassets */; };
		9E3104F11D50765000C3D29C /* LaunchScreen.storyboard in Resources */ = {isa = PBXBuildFile; fileRef = 9E3104EF1D50765000C3D29C /* LaunchScreen.storyboard */; };
/* End PBXBuildFile section */

/* Begin PBXFileReference section */
		9E3104DE1D50765000C3D29C /* GQViewDemo.app */ = {isa = PBXFileReference; explicitFileType = wrapper.application; includeInIndex = 0; path = GQViewDemo.app; sourceTree = BUILT_PRODUCTS_DIR; };
		9E3104E21D50765000C3D29C /* main.m */ = {isa = PBXFileReference; lastKnownFileType = sourcecode.c.objc; path = main.m; sourceTree = "<group>"; };
		9E3104E41D50765000C3D29C /* AppDelegate.h */ = {isa = PBXFileReference; lastKnownFileType = sourcecode.c.h; path = AppDelegate.h; sourceTree = "<group>"; };
		9E3104E51D50765000C3D29C /* AppDelegate.m */ = {isa = PBXFileReference; lastKnownFileType = sourcecode.c.objc; path = AppDelegate.m; sourceTree = "<group>"; };
		9E3104E71D50765000C3D29C /* ViewController.h */ = {isa = PBXFileReference; lastKnownFileType = sourcecode.c.h; path = ViewController.h; sourceTree = "<group>"; };
		9E3104E81D50765000C3D29C /* ViewController.m */ = {isa = PBXFileReference; lastKnownFileType = sourcecode.c.objc; path = ViewController.m; sourceTree = "<group>"; };
		9E3104EB1D50765000C3D29C /* Base */ = {isa = PBXFileReference; lastKnownFileType = file.storyboard; name = Base; path = Base.lproj/Main.storyboard; sourceTree = "<group>"; };
		9E3104ED1D50765000C3D29C /* Assets.xcassets */ = {isa = PBXFileReference; lastKnownFileType = folder.assetcatalog; path = Assets.xcassets; sourceTree = "<group>"; };
		9E3104F01D50765000C3D29C /* Base */ = {isa = PBXFileReference; lastKnownFileType = file.storyboard; name = Base; path = Base.lproj/LaunchScreen.storyboard; sourceTree = "<group>"; };
		9E3104F21D50765000C3D29C /* Info.plist */ = {isa = PBXFileReference; lastKnownFileType = text.plist.xml; path = Info.plist; sourceTree = "<group>"; };
/* End PBXFileReference section */

/* Begin PBXFrameworksBuildPhase section */
		9E3104DB1D50765000C3D29C /* Frameworks */ = {
			isa = PBXFrameworksBuildPhase;
			buildActionMask = 2147483647;
			files = (
			);
			runOnlyForDeploymentPostprocessing = 0;
		};
/* End PBXFrameworksBuildPhase section */

/* Begin PBXGroup section */
		9E3104D51D50765000C3D29C = {
			isa = PBXGroup;
			children = (
				9E3104E01D50765000C3D29C /* GQViewDemo */,
				9E3104DF1D50765000C3D29C /* Products */,
			);
			sourceTree = "<group>";
		};
		9E3104DF1D50765000C3D29C /* Products */ = {
			isa = PBXGroup;
			children = (
				9E3104DE1D50765000C3D29C /* GQViewDemo.app */,
			);
			name = Products;
			sourceTree = "<group>";
		};
		9E3104E01D50765000C3D29C /* GQViewDemo */ = {
			isa = PBXGroup;
			children = (
				9E3104E41D50765000C3D29C /* AppDelegate.h */,
				9E3104E51D50765000C3D29C /* AppDelegate.m */,
				9E3104E71D50765000C3D29C /* ViewController.h */,
				9E3104E81D50765000C3D29C /* ViewController.m */,
				9E3104EA1D50765000C3D29C /* Main.storyboard */,
				9E3104ED1D50765000C3D29C /* Assets.xcassets */,
				9E3104EF1D50765000C3D29C /* LaunchScreen.storyboard */,
				9E3104F21D50765000C3D29C /* Info.plist */,
				9E3104E11D50765000C3D29C /* Supporting Files */,
			);
			path = GQViewDemo;
			sourceTree = "<group>";
		};
		9E3104E11D50765000C3D29C /* Supporting Files */ = {
			isa = PBXGroup;
			children = (
				9E3104E21D50765000C3D29C /* main.m */,
			);
			name = "Supporting Files";
			sourceTree = "<group>";
		};
/* End PBXGroup section */

/* Begin PBXNativeTarget section */
		9E3104DD1D50765000C3D29C /* GQViewDemo */ = {
			isa = PBXNativeTarget;
			buildConfigurationList = 9E3104F51D50765000C3D29C /* Build configuration list for PBXNativeTarget "GQViewDemo" */;
			buildPhases = (
				9E3104DA1D50765000C3D29C /* Sources */,
				9E3104DB1D50765000C3D29C /* Frameworks */,
				9E3104DC1D50765000C3D29C /* Resources */,
			);
			buildRules = (
			);
			dependencies = (
			);
			name = GQViewDemo;
			productName = GQViewDemo;
			productReference = 9E3104DE1D50765000C3D29C /* GQViewDemo.app */;
			productType = "com.apple.product-type.application";
		};
/* End PBXNativeTarget section */

/* Begin PBXProject section */
		9E3104D61D50765000C3D29C /* Project object */ = {
			isa = PBXProject;
			attributes = {
				LastUpgradeCheck = 0730;
				ORGANIZATIONNAME = hgq;
				TargetAttributes = {
					9E3104DD1D50765000C3D29C = {
						CreatedOnToolsVersion = 7.3;
					};
				};
			};
			buildConfigurationList = 9E3104D91D50765000C3D29C /* Build configuration list for PBXProject "GQViewDemo" */;
			compatibilityVersion = "Xcode 3.2";
			developmentRegion = English;
			hasScannedForEncodings = 0;
			knownRegions = (
				en,
				Base,
			);
			mainGroup = 9E3104D51D50765000C3D29C;
			productRefGroup = 9E3104DF1D50765000C3D29C /* Products */;
			projectDirPath = "";
			projectRoot = "";
			targets = (
				9E3104DD1D50765000C3D29C /* GQViewDemo */,
			);
		};
/* End PBXProject section */

/* Begin PBXResourcesBuildPhase section */
		9E3104DC1D50765000C3D29C /* Resources */ = {
			isa = PBXResourcesBuildPhase;
			buildActionMask = 2147483647;
			files = (
				9E3104F11D50765000C3D29C /* LaunchScreen.storyboard in Resources */,
				9E3104EE1D50765000C3D29C /* Assets.xcassets in Resources */,
				9E3104EC1D50765000C3D29C /* Main.storyboard in Resources */,
			);
			runOnlyForDeploymentPostprocessing = 0;
		};
/* End PBXResourcesBuildPhase section */

/* Begin PBXSourcesBuildPhase section */
		9E3104DA1D50765000C3D29C /* Sources */ = {
			isa = PBXSourcesBuildPhase;
			buildActionMask = 2147483647;
			files = (
				9E3104E91D50765000C3D29C /* ViewController.m in Sources */,
				9E3104E61D50765000C3D29C /* AppDelegate.m in Sources */,
				9E3104E31D50765000C3D29C /* main.m in Sources */,
			);
			runOnlyForDeploymentPostprocessing = 0;
		};
/* End PBXSourcesBuildPhase section */

/* Begin PBXVariantGroup section */
		9E3104EA1D50765000C3D29C /* Main.storyboard */ = {
			isa = PBXVariantGroup;
			children = (
				9E3104EB1D50765000C3D29C /* Base */,
			);
			name = Main.storyboard;
			sourceTree = "<group>";
		};
		9E3104EF1D50765000C3D29C /* LaunchScreen.storyboard */ = {
			isa = PBXVariantGroup;
			children = (
				9E3104F01D50765000C3D29C /* Base */,
			);
			name = LaunchScreen.storyboard;
			sourceTree = "<group>";
		};
/* End PBXVariantGroup section */

/* Begin XCBuildConfiguration section */
		9E3104F31D50765000C3D29C /* Debug */ = {
			isa = XCBuildConfiguration;
			buildSettings = {
				ALWAYS_SEARCH_USER_PATHS = NO;
				CLANG_ANALYZER_NONNULL = YES;
				CLANG_CXX_LANGUAGE_STANDARD = "gnu++0x";
				CLANG_CXX_LIBRARY = "libc++";
				CLANG_ENABLE_MODULES = YES;
				CLANG_ENABLE_OBJC_ARC = YES;
				CLANG_WARN_BOOL_CONVERSION = YES;
				CLANG_WARN_CONSTANT_CONVERSION = YES;
				CLANG_WARN_DIRECT_OBJC_ISA_USAGE = YES_ERROR;
				CLANG_WARN_EMPTY_BODY = YES;
				CLANG_WARN_ENUM_CONVERSION = YES;
				CLANG_WARN_INT_CONVERSION = YES;
				CLANG_WARN_OBJC_ROOT_CLASS = YES_ERROR;
				CLANG_WARN_UNREACHABLE_CODE = YES;
				CLANG_WARN__DUPLICATE_METHOD_MATCH = YES;
				"CODE_SIGN_IDENTITY[sdk=iphoneos*]" = "iPhone Developer";
				COPY_PHASE_STRIP = NO;
				DEBUG_INFORMATION_FORMAT = dwarf;
				ENABLE_STRICT_OBJC_MSGSEND = YES;
				ENABLE_TESTABILITY = YES;
				GCC_C_LANGUAGE_STANDARD = gnu99;
				GCC_DYNAMIC_NO_PIC = NO;
				GCC_NO_COMMON_BLOCKS = YES;
				GCC_OPTIMIZATION_LEVEL = 0;
				GCC_PREPROCESSOR_DEFINITIONS = (
					"DEBUG=1",
					"$(inherited)",
				);
				GCC_WARN_64_TO_32_BIT_CONVERSION = YES;
				GCC_WARN_ABOUT_RETURN_TYPE = YES_ERROR;
				GCC_WARN_UNDECLARED_SELECTOR = YES;
				GCC_WARN_UNINITIALIZED_AUTOS = YES_AGGRESSIVE;
				GCC_WARN_UNUSED_FUNCTION = YES;
				GCC_WARN_UNUSED_VARIABLE = YES;
				IPHONEOS_DEPLOYMENT_TARGET = 9.3;
				MTL_ENABLE_DEBUG_INFO = YES;
				ONLY_ACTIVE_ARCH = YES;
				SDKROOT = iphoneos;
				TARGETED_DEVICE_FAMILY = "1,2";
			};
			name = Debug;
		};
		9E3104F41D50765000C3D29C /* Release */ = {
			isa = XCBuildConfiguration;
			buildSettings = {
				ALWAYS_SEARCH_USER_PATHS = NO;
				CLANG_ANALYZER_NONNULL = YES;
				CLANG_CXX_LANGUAGE_STANDARD = "gnu++0x";
				CLANG_CXX_LIBRARY = "libc++";
				CLANG_ENABLE_MODULES = YES;
				CLANG_ENABLE_OBJC_ARC = YES;
				CLANG_WARN_BOOL_CONVERSION = YES;
				CLANG_WARN_CONSTANT_CONVERSION = YES;
				CLANG_WARN_DIRECT_OBJC_ISA_USAGE = YES_ERROR;
				CLANG_WARN_EMPTY_BODY = YES;
				CLANG_WARN_ENUM_CONVERSION = YES;
				CLANG_WARN_INT_CONVERSION = YES;
				CLANG_WARN_OBJC_ROOT_CLASS = YES_ERROR;
				CLANG_WARN_UNREACHABLE_CODE = YES;
				CLANG_WARN__DUPLICATE_METHOD_MATCH = YES;
				"CODE_SIGN_IDENTITY[sdk=iphoneos*]" = "iPhone Developer";
				COPY_PHASE_STRIP = NO;
				DEBUG_INFORMATION_FORMAT = "dwarf-with-dsym";
				ENABLE_NS_ASSERTIONS = NO;
				ENABLE_STRICT_OBJC_MSGSEND = YES;
				GCC_C_LANGUAGE_STANDARD = gnu99;
				GCC_NO_COMMON_BLOCKS = YES;
				GCC_WARN_64_TO_32_BIT_CONVERSION = YES;
				GCC_WARN_ABOUT_RETURN_TYPE = YES_ERROR;
				GCC_WARN_UNDECLARED_SELECTOR = YES;
				GCC_WARN_UNINITIALIZED_AUTOS = YES_AGGRESSIVE;
				GCC_WARN_UNUSED_FUNCTION = YES;
				GCC_WARN_UNUSED_VARIABLE = YES;
				IPHONEOS_DEPLOYMENT_TARGET = 9.3;
				MTL_ENABLE_DEBUG_INFO = NO;
				SDKROOT = iphoneos;
				TARGETED_DEVICE_FAMILY = "1,2";
				VALIDATE_PRODUCT = YES;
			};
			name = Release;
		};
		9E3104F61D50765000C3D29C /* Debug */ = {
			isa = XCBuildConfiguration;
			buildSettings = {
				ASSETCATALOG_COMPILER_APPICON_NAME = AppIcon;
				INFOPLIST_FILE = GQViewDemo/Info.plist;
				LD_RUNPATH_SEARCH_PATHS = "$(inherited) @executable_path/Frameworks";
				PRODUCT_BUNDLE_IDENTIFIER = YD.Tech.GQViewDemo;
				PRODUCT_NAME = "$(TARGET_NAME)";
			};
			name = Debug;
		};
		9E3104F71D50765000C3D29C /* Release */ = {
			isa = XCBuildConfiguration;
			buildSettings = {
				ASSETCATALOG_COMPILER_APPICON_NAME = AppIcon;
				INFOPLIST_FILE = GQViewDemo/Info.plist;
				LD_RUNPATH_SEARCH_PATHS = "$(inherited) @executable_path/Frameworks";
				PRODUCT_BUNDLE_IDENTIFIER = YD.Tech.GQViewDemo;
				PRODUCT_NAME = "$(TARGET_NAME)";
			};
			name = Release;
		};
/* End XCBuildConfiguration section */

/* Begin XCConfigurationList section */
		9E3104D91D50765000C3D29C /* Build configuration list for PBXProject "GQViewDemo" */ = {
			isa = XCConfigurationList;
			buildConfigurations = (
				9E3104F31D50765000C3D29C /* Debug */,
				9E3104F41D50765000C3D29C /* Release */,
			);
			defaultConfigurationIsVisible = 0;
			defaultConfigurationName = Release;
		};
		9E3104F51D50765000C3D29C /* Build configuration list for PBXNativeTarget "GQViewDemo" */ = {
			isa = XCConfigurationList;
			buildConfigurations = (
				9E3104F61D50765000C3D29C /* Debug */,
				9E3104F71D50765000C3D29C /* Release */,
			);
			defaultConfigurationIsVisible = 0;
		};
/* End XCConfigurationList section */
	};
	rootObject = 9E3104D61D50765000C3D29C /* Project object */;
}
